
Microsoft Visual Studio Solution File, Format Version 11.00
# Visual Studio 2010
Project("{8BC9CEB8-8B4A-11D0-8D11-00A0C91BC942}") = "Infix-to-Postfix", "Infix-to-Postfix\Infix-to-Postfix.vcxproj", "{2CD9773B-DDC0-459E-90B8-42633B0C048E}"
EndProject
Global
	GlobalSection(SolutionConfigurationPlatforms) = preSolution
		Debug|Win32 = Debug|Win32
		Release|Win32 = Release|Win32
	EndGlobalSection
	GlobalSection(ProjectConfigurationPlatforms) = postSolution
		{2CD9773B-DDC0-459E-90B8-42633B0C048E}.Debug|Win32.ActiveCfg = Debug|Win32
		{2CD9773B-DDC0-459E-90B8-42633B0C048E}.Debug|Win32.Build.0 = Debug|Win32
		{2CD9773B-DDC0-459E-90B8-42633B0C048E}.Release|Win32.ActiveCfg = Release|Win32
		{2CD9773B-DDC0-459E-90B8-42633B0C048E}.Release|Win32.Build.0 = Release|Win32
	EndGlobalSection
	GlobalSection(SolutionProperties) = preSolution
		HideSolutionNode = FALSE
	EndGlobalSection
EndGlobal
